# THIS IS AN AUTOGENERATED FILE. DO NOT EDIT THIS FILE DIRECTLY.
# yarn lockfile v1


angular@1.6.9:
  version "1.6.9"
  resolved "https://registry.yarnpkg.com/angular/-/angular-1.6.9.tgz#bc812932e18909038412d594a5990f4bb66c0619"

ckeditor@*:
  version "4.9.1"
  resolved "https://registry.yarnpkg.com/ckeditor/-/ckeditor-4.9.1.tgz#d73adb42f7235f4030ab837e8aee9882d9107e89"

"jquery@>= 1.9.1":
  version "3.3.1"
  resolved "https://registry.yarnpkg.com/jquery/-/jquery-3.3.1.tgz#958ce29e81c9790f31be7792df5d4d95fc57fbca"

ng-ckeditor@2.0.5:
  version "2.0.5"
  resolved "https://registry.yarnpkg.com/ng-ckeditor/-/ng-ckeditor-2.0.5.tgz#14ba19cb447b578305632f8ac4aa3811c80794b5"
  dependencies:
    ckeditor "*"
    jquery ">= 1.9.1"
